
Microsoft Visual Studio Solution File, Format Version 12.00
# Visual Studio Version 17
VisualStudioVersion = 17.3.32929.385
MinimumVisualStudioVersion = 10.0.40219.1
Project("{9A19103F-16F7-4668-BE54-9A1E7A4F7556}") = "task3", "task3\task3.csproj", "{F3718911-7169-43F8-8939-2D823391E176}"
EndProject
Project("{9A19103F-16F7-4668-BE54-9A1E7A4F7556}") = "task2", "task2\task2.csproj", "{C022CC3E-1FE3-4281-9C66-68A383C56C71}"
EndProject
Project("{FAE04EC0-301F-11D3-BF4B-00C04F79EFBC}") = "task1", "task1\task1.csproj", "{ED367717-AE14-4535-A075-69AA4301771F}"
EndProject
Project("{FAE04EC0-301F-11D3-BF4B-00C04F79EFBC}") = "task4", "task4\task4.csproj", "{BE7DCB2E-866E-492D-BC03-C105D726AA60}"
EndProject
Global
	GlobalSection(SolutionConfigurationPlatforms) = preSolution
		Debug|Any CPU = Debug|Any CPU
		Release|Any CPU = Release|Any CPU
	EndGlobalSection
	GlobalSection(ProjectConfigurationPlatforms) = postSolution
		{F3718911-7169-43F8-8939-2D823391E176}.Debug|Any CPU.ActiveCfg = Debug|Any CPU
		{F3718911-7169-43F8-8939-2D823391E176}.Debug|Any CPU.Build.0 = Debug|Any CPU
		{F3718911-7169-43F8-8939-2D823391E176}.Release|Any CPU.ActiveCfg = Release|Any CPU
		{F3718911-7169-43F8-8939-2D823391E176}.Release|Any CPU.Build.0 = Release|Any CPU
		{C022CC3E-1FE3-4281-9C66-68A383C56C71}.Debug|Any CPU.ActiveCfg = Debug|Any CPU
		{C022CC3E-1FE3-4281-9C66-68A383C56C71}.Debug|Any CPU.Build.0 = Debug|Any CPU
		{C022CC3E-1FE3-4281-9C66-68A383C56C71}.Release|Any CPU.ActiveCfg = Release|Any CPU
		{C022CC3E-1FE3-4281-9C66-68A383C56C71}.Release|Any CPU.Build.0 = Release|Any CPU
		{ED367717-AE14-4535-A075-69AA4301771F}.Debug|Any CPU.ActiveCfg = Debug|Any CPU
		{ED367717-AE14-4535-A075-69AA4301771F}.Debug|Any CPU.Build.0 = Debug|Any CPU
		{ED367717-AE14-4535-A075-69AA4301771F}.Release|Any CPU.ActiveCfg = Release|Any CPU
		{ED367717-AE14-4535-A075-69AA4301771F}.Release|Any CPU.Build.0 = Release|Any CPU
		{BE7DCB2E-866E-492D-BC03-C105D726AA60}.Debug|Any CPU.ActiveCfg = Debug|Any CPU
		{BE7DCB2E-866E-492D-BC03-C105D726AA60}.Debug|Any CPU.Build.0 = Debug|Any CPU
		{BE7DCB2E-866E-492D-BC03-C105D726AA60}.Release|Any CPU.ActiveCfg = Release|Any CPU
		{BE7DCB2E-866E-492D-BC03-C105D726AA60}.Release|Any CPU.Build.0 = Release|Any CPU
	EndGlobalSection
	GlobalSection(SolutionProperties) = preSolution
		HideSolutionNode = FALSE
	EndGlobalSection
	GlobalSection(ExtensibilityGlobals) = postSolution
		SolutionGuid = {82BE2898-81E1-4709-8DEA-4E648A79F0A0}
	EndGlobalSection
EndGlobal
